{
  "name": "pex-cam",
  "version": "3.0.0-alpha.1",
  "lockfileVersion": 2,
  "requires": true,
  "packages": {
    "": {
      "name": "pex-cam",
      "version": "3.0.0-alpha.1",
      "license": "MIT",
      "dependencies": {
        "interpolate-angle": "^1.0.2",
        "latlon-to-xyz": "^1.0.1",
        "mouse-event-offset": "^3.0.2",
        "pex-geom": "^3.1.0",
        "pex-math": "^4.1.2",
        "xyz-to-latlon": "^1.0.2"
      },
      "devDependencies": {
        "es-module-shims": "^2.6.2",
        "pex-context": "^3.3.0",
        "pex-gui": "^3.2.0",
        "pex-random": "^2.1.2",
        "primitive-geometry": "^2.11.0"
      },
      "engines": {
        "node": ">=22.0.0",
        "npm": ">=10.5.1",
        "snowdev": ">=2.5.x"
      }
    },
    "node_modules/es-module-shims": {
      "version": "2.6.2",
      "resolved": "https://registry.npmjs.org/es-module-shims/-/es-module-shims-2.6.2.tgz",
      "integrity": "sha512-50HiheXiMg28GQagXXYMqzUuVPKsAhFLuWIxBxDbfnmT+hFTU8AyfAJaWjDaWmQbjNiPwTuuPqq7NAKFRdLaow==",
      "dev": true,
      "license": "MIT"
    },
    "node_modules/interpolate-angle": {
      "version": "1.0.2",
      "license": "MIT",
      "dependencies": {
        "lerp": "^1.0.3"
      }
    },
    "node_modules/latlon-to-xyz": {
      "version": "1.0.1",
      "license": "MIT"
    },
    "node_modules/lerp": {
      "version": "1.0.3",
      "license": "MIT"
    },
    "node_modules/mouse-event-offset": {
      "version": "3.0.2",
      "license": "MIT"
    },
    "node_modules/pex-color": {
      "version": "2.2.0",
      "resolved": "https://registry.npmjs.org/pex-color/-/pex-color-2.2.0.tgz",
      "integrity": "sha512-eZgxo99JIvcTTrmvgXwRJgGNdkDTIgs03m2y1Q/aMA2TVD9fK2tyCetVQmcbAlwt94cmg5go59gzNjjnPF/01A==",
      "dev": true,
      "license": "MIT",
      "engines": {
        "node": ">=22.0.0",
        "npm": ">=10.5.1",
        "snowdev": ">=2.2.x"
      }
    },
    "node_modules/pex-context": {
      "version": "3.3.0",
      "resolved": "https://registry.npmjs.org/pex-context/-/pex-context-3.3.0.tgz",
      "integrity": "sha512-45bBZE/EGUcrSElDd4lMy1rylbUj7NW0XzvRsU4wpZgkfSEfq0H66/6FQBhsKGSJPvZ0eZiUkbX+FtwQxMN2MQ==",
      "dev": true,
      "license": "MIT",
      "dependencies": {
        "pex-gl": "^3.0.2"
      },
      "engines": {
        "node": ">=22.0.0",
        "npm": ">=10.5.1",
        "snowdev": ">=2.4.x"
      }
    },
    "node_modules/pex-geom": {
      "version": "3.1.0",
      "resolved": "https://registry.npmjs.org/pex-geom/-/pex-geom-3.1.0.tgz",
      "integrity": "sha512-s17p6aLAJymGlt93aOy1tLk2uHLymfYO715EYXqgfJvgyr58aw+QQrzK5bBofz7i5h5jG286aobsKtRyS/0iiQ==",
      "license": "MIT",
      "dependencies": {
        "pex-math": "^4.1.1"
      },
      "engines": {
        "node": ">=22.0.0",
        "npm": ">=10.5.1",
        "snowdev": ">=2.2.x"
      }
    },
    "node_modules/pex-gl": {
      "version": "3.0.2",
      "resolved": "https://registry.npmjs.org/pex-gl/-/pex-gl-3.0.2.tgz",
      "integrity": "sha512-q0MEUXyRlXEa7A/QGQn7GvrkLf+Yc+tRpTRFW0gmbG1RnJpKC0U504WYaB9O47OoMmy9LlKGCaolP2cJJUw5gQ==",
      "dev": true,
      "license": "MIT",
      "engines": {
        "node": ">=22.0.0",
        "npm": ">=10.5.1",
        "snowdev": ">=2.2.x"
      }
    },
    "node_modules/pex-gui": {
      "version": "3.2.0",
      "resolved": "https://registry.npmjs.org/pex-gui/-/pex-gui-3.2.0.tgz",
      "integrity": "sha512-amOsRWYJTFW7do5v/3j3qN03kGlsPpd0QMNiO3kyq8SBo6W6mAkEcjK7E/hxSIR4aDgGa//GqWGDZxC7oeg8mw==",
      "dev": true,
      "license": "MIT",
      "dependencies": {
        "pex-color": "^2.2.0",
        "pex-geom": "^3.1.0",
        "pex-math": "^4.1.2"
      },
      "engines": {
        "node": ">=22.0.0",
        "npm": ">=10.5.1",
        "snowdev": ">=2.5.x"
      }
    },
    "node_modules/pex-math": {
      "version": "4.1.2",
      "resolved": "https://registry.npmjs.org/pex-math/-/pex-math-4.1.2.tgz",
      "integrity": "sha512-F7tB+weV/rhg2o9B4DCvuUTZHMkicmorusvhmRf1IjveHXFZyYTY/9/S+dpkhnEVeAZ5KNyjCK7bCsKEbYXoXQ==",
      "license": "MIT",
      "engines": {
        "node": ">=22.0.0",
        "npm": ">=10.5.1",
        "snowdev": ">=2.5.x"
      }
    },
    "node_modules/pex-random": {
      "version": "2.1.2",
      "resolved": "https://registry.npmjs.org/pex-random/-/pex-random-2.1.2.tgz",
      "integrity": "sha512-CgtNKg5zWMggm3EB1YkrEof0y42Bo5CTXlTxn9nXKvy10WhfnYo0920YwOkh2psG7qpigwj40q0+EuPdluRAnQ==",
      "dev": true,
      "license": "MIT",
      "dependencies": {
        "seedrandom": "^3.0.5",
        "simplex-noise": "^4.0.3"
      },
      "engines": {
        "node": ">=22.0.0",
        "npm": ">=10.5.1",
        "snowdev": ">=2.2.x"
      }
    },
    "node_modules/primitive-geometry": {
      "version": "2.11.0",
      "resolved": "https://registry.npmjs.org/primitive-geometry/-/primitive-geometry-2.11.0.tgz",
      "integrity": "sha512-W/Kl9za7sIQWRWvY6Fvr/wnexhP6D3fBcPz4gZsE2aMiUgm0N8ZUCQiwG/h+r+P1qTKi2yEINF3x79WN6gJSXA==",
      "dev": true,
      "funding": [
        {
          "type": "individual",
          "url": "https://paypal.me/dmnsgn"
        },
        {
          "type": "individual",
          "url": "https://commerce.coinbase.com/checkout/56cbdf28-e323-48d8-9c98-7019e72c97f3"
        }
      ],
      "license": "MIT",
      "engines": {
        "node": ">=22.0.0",
        "npm": ">=10.5.1",
        "snowdev": ">=2.3.x"
      }
    },
    "node_modules/seedrandom": {
      "version": "3.0.5",
      "resolved": "https://registry.npmjs.org/seedrandom/-/seedrandom-3.0.5.tgz",
      "integrity": "sha512-8OwmbklUNzwezjGInmZ+2clQmExQPvomqjL7LFqOYqtmuxRgQYqOD3mHaU+MvZn5FLUeVxVfQjwLZW/n/JFuqg==",
      "dev": true
    },
    "node_modules/simplex-noise": {
      "version": "4.0.3",
      "resolved": "https://registry.npmjs.org/simplex-noise/-/simplex-noise-4.0.3.tgz",
      "integrity": "sha512-qSE2I4AngLQG7BXqoZj51jokT4WUXe8mOBrvfOXpci8+6Yu44+/dD5zqDpOx3Ux792eamTd2lLcI8jqFntk/lg==",
      "dev": true,
      "license": "MIT"
    },
    "node_modules/xyz-to-latlon": {
      "version": "1.0.2",
      "license": "MIT"
    }
  },
  "dependencies": {
    "es-module-shims": {
      "version": "2.6.2",
      "resolved": "https://registry.npmjs.org/es-module-shims/-/es-module-shims-2.6.2.tgz",
      "integrity": "sha512-50HiheXiMg28GQagXXYMqzUuVPKsAhFLuWIxBxDbfnmT+hFTU8AyfAJaWjDaWmQbjNiPwTuuPqq7NAKFRdLaow==",
      "dev": true
    },
    "interpolate-angle": {
      "version": "1.0.2",
      "requires": {
        "lerp": "^1.0.3"
      }
    },
    "latlon-to-xyz": {
      "version": "1.0.1"
    },
    "lerp": {
      "version": "1.0.3"
    },
    "mouse-event-offset": {
      "version": "3.0.2"
    },
    "pex-color": {
      "version": "2.2.0",
      "resolved": "https://registry.npmjs.org/pex-color/-/pex-color-2.2.0.tgz",
      "integrity": "sha512-eZgxo99JIvcTTrmvgXwRJgGNdkDTIgs03m2y1Q/aMA2TVD9fK2tyCetVQmcbAlwt94cmg5go59gzNjjnPF/01A==",
      "dev": true
    },
    "pex-context": {
      "version": "3.3.0",
      "resolved": "https://registry.npmjs.org/pex-context/-/pex-context-3.3.0.tgz",
      "integrity": "sha512-45bBZE/EGUcrSElDd4lMy1rylbUj7NW0XzvRsU4wpZgkfSEfq0H66/6FQBhsKGSJPvZ0eZiUkbX+FtwQxMN2MQ==",
      "dev": true,
      "requires": {
        "pex-gl": "^3.0.2"
      }
    },
    "pex-geom": {
      "version": "3.1.0",
      "resolved": "https://registry.npmjs.org/pex-geom/-/pex-geom-3.1.0.tgz",
      "integrity": "sha512-s17p6aLAJymGlt93aOy1tLk2uHLymfYO715EYXqgfJvgyr58aw+QQrzK5bBofz7i5h5jG286aobsKtRyS/0iiQ==",
      "requires": {
        "pex-math": "^4.1.1"
      }
    },
    "pex-gl": {
      "version": "3.0.2",
      "resolved": "https://registry.npmjs.org/pex-gl/-/pex-gl-3.0.2.tgz",
      "integrity": "sha512-q0MEUXyRlXEa7A/QGQn7GvrkLf+Yc+tRpTRFW0gmbG1RnJpKC0U504WYaB9O47OoMmy9LlKGCaolP2cJJUw5gQ==",
      "dev": true
    },
    "pex-gui": {
      "version": "3.2.0",
      "resolved": "https://registry.npmjs.org/pex-gui/-/pex-gui-3.2.0.tgz",
      "integrity": "sha512-amOsRWYJTFW7do5v/3j3qN03kGlsPpd0QMNiO3kyq8SBo6W6mAkEcjK7E/hxSIR4aDgGa//GqWGDZxC7oeg8mw==",
      "dev": true,
      "requires": {
        "pex-color": "^2.2.0",
        "pex-geom": "^3.1.0",
        "pex-math": "^4.1.2"
      }
    },
    "pex-math": {
      "version": "4.1.2",
      "resolved": "https://registry.npmjs.org/pex-math/-/pex-math-4.1.2.tgz",
      "integrity": "sha512-F7tB+weV/rhg2o9B4DCvuUTZHMkicmorusvhmRf1IjveHXFZyYTY/9/S+dpkhnEVeAZ5KNyjCK7bCsKEbYXoXQ=="
    },
    "pex-random": {
      "version": "2.1.2",
      "resolved": "https://registry.npmjs.org/pex-random/-/pex-random-2.1.2.tgz",
      "integrity": "sha512-CgtNKg5zWMggm3EB1YkrEof0y42Bo5CTXlTxn9nXKvy10WhfnYo0920YwOkh2psG7qpigwj40q0+EuPdluRAnQ==",
      "dev": true,
      "requires": {
        "seedrandom": "^3.0.5",
        "simplex-noise": "^4.0.3"
      }
    },
    "primitive-geometry": {
      "version": "2.11.0",
      "resolved": "https://registry.npmjs.org/primitive-geometry/-/primitive-geometry-2.11.0.tgz",
      "integrity": "sha512-W/Kl9za7sIQWRWvY6Fvr/wnexhP6D3fBcPz4gZsE2aMiUgm0N8ZUCQiwG/h+r+P1qTKi2yEINF3x79WN6gJSXA==",
      "dev": true
    },
    "seedrandom": {
      "version": "3.0.5",
      "resolved": "https://registry.npmjs.org/seedrandom/-/seedrandom-3.0.5.tgz",
      "integrity": "sha512-8OwmbklUNzwezjGInmZ+2clQmExQPvomqjL7LFqOYqtmuxRgQYqOD3mHaU+MvZn5FLUeVxVfQjwLZW/n/JFuqg==",
      "dev": true
    },
    "simplex-noise": {
      "version": "4.0.3",
      "resolved": "https://registry.npmjs.org/simplex-noise/-/simplex-noise-4.0.3.tgz",
      "integrity": "sha512-qSE2I4AngLQG7BXqoZj51jokT4WUXe8mOBrvfOXpci8+6Yu44+/dD5zqDpOx3Ux792eamTd2lLcI8jqFntk/lg==",
      "dev": true
    },
    "xyz-to-latlon": {
      "version": "1.0.2"
    }
  }
}
